
Microsoft Visual Studio Solution File, Format Version 12.00
# Visual Studio Version 18
VisualStudioVersion = 18.3.11312.210 d18.3
MinimumVisualStudioVersion = 10.0.40219.1
Project("{2150E333-8FDC-42A3-9474-1A3956D46DE8}") = "src", "src", "{709BCE2F-3F61-4BAA-B229-F4A539F4657B}"
EndProject
Project("{FAE04EC0-301F-11D3-BF4B-00C04F79EFBC}") = "V2ex.Maui2.Api", "src\V2ex.Maui2.Api\V2ex.Maui2.Api.csproj", "{D4697008-1B6B-3503-3AD3-0D5F5CF11888}"
EndProject
Project("{FAE04EC0-301F-11D3-BF4B-00C04F79EFBC}") = "V2ex.Maui2.App", "src\V2ex.Maui2.App\V2ex.Maui2.App.csproj", "{9A7C3FC2-F28D-61D3-0E7A-D9B12D1873E2}"
EndProject
Project("{FAE04EC0-301F-11D3-BF4B-00C04F79EFBC}") = "V2ex.Maui2.Core", "src\V2ex.Maui2.Core\V2ex.Maui2.Core.csproj", "{75D06E08-B0A1-A27F-6A7D-1802DD80229C}"
EndProject
Global
	GlobalSection(SolutionConfigurationPlatforms) = preSolution
		Debug|Any CPU = Debug|Any CPU
		Release|Any CPU = Release|Any CPU
	EndGlobalSection
	GlobalSection(ProjectConfigurationPlatforms) = postSolution
		{D4697008-1B6B-3503-3AD3-0D5F5CF11888}.Debug|Any CPU.ActiveCfg = Debug|Any CPU
		{D4697008-1B6B-3503-3AD3-0D5F5CF11888}.Debug|Any CPU.Build.0 = Debug|Any CPU
		{D4697008-1B6B-3503-3AD3-0D5F5CF11888}.Release|Any CPU.ActiveCfg = Release|Any CPU
		{D4697008-1B6B-3503-3AD3-0D5F5CF11888}.Release|Any CPU.Build.0 = Release|Any CPU
		{9A7C3FC2-F28D-61D3-0E7A-D9B12D1873E2}.Debug|Any CPU.ActiveCfg = Debug|Any CPU
		{9A7C3FC2-F28D-61D3-0E7A-D9B12D1873E2}.Debug|Any CPU.Build.0 = Debug|Any CPU
		{9A7C3FC2-F28D-61D3-0E7A-D9B12D1873E2}.Debug|Any CPU.Deploy.0 = Debug|Any CPU
		{9A7C3FC2-F28D-61D3-0E7A-D9B12D1873E2}.Release|Any CPU.ActiveCfg = Release|Any CPU
		{9A7C3FC2-F28D-61D3-0E7A-D9B12D1873E2}.Release|Any CPU.Build.0 = Release|Any CPU
		{75D06E08-B0A1-A27F-6A7D-1802DD80229C}.Debug|Any CPU.ActiveCfg = Debug|Any CPU
		{75D06E08-B0A1-A27F-6A7D-1802DD80229C}.Debug|Any CPU.Build.0 = Debug|Any CPU
		{75D06E08-B0A1-A27F-6A7D-1802DD80229C}.Release|Any CPU.ActiveCfg = Release|Any CPU
		{75D06E08-B0A1-A27F-6A7D-1802DD80229C}.Release|Any CPU.Build.0 = Release|Any CPU
	EndGlobalSection
	GlobalSection(SolutionProperties) = preSolution
		HideSolutionNode = FALSE
	EndGlobalSection
	GlobalSection(NestedProjects) = preSolution
		{D4697008-1B6B-3503-3AD3-0D5F5CF11888} = {709BCE2F-3F61-4BAA-B229-F4A539F4657B}
		{9A7C3FC2-F28D-61D3-0E7A-D9B12D1873E2} = {709BCE2F-3F61-4BAA-B229-F4A539F4657B}
		{75D06E08-B0A1-A27F-6A7D-1802DD80229C} = {709BCE2F-3F61-4BAA-B229-F4A539F4657B}
	EndGlobalSection
EndGlobal
